// !$*UTF8*$!
{
	archiveVersion = 1;
	classes = {
	};
	objectVersion = 51;
	objects = {

/* Begin PBXBuildFile section */
		0BF6F56FA076AD3D8EADB2BB /* Pods_ClosetApp.framework in Frameworks */ = {isa = PBXBuildFile; fileRef = 5F76288B98D4D1552AE2225F /* Pods_ClosetApp.framework */; };
		5D5029F4252790220079D13D /* SaveItemViewController.swift in Sources */ = {isa = PBXBuildFile; fileRef = 5D5029F3252790220079D13D /* SaveItemViewController.swift */; };
		5D5029FF2527A5550079D13D /* item.swift in Sources */ = {isa = PBXBuildFile; fileRef = 5D5029FE2527A5550079D13D /* item.swift */; };
		5DA008422526EFD2005A86D5 /* Main.storyboard in Resources */ = {isa = PBXBuildFile; fileRef = 5DA008412526EFD1005A86D5 /* Main.storyboard */; };
		5DA0087625274ADD005A86D5 /* LaunchScreen.storyboard in Resources */ = {isa = PBXBuildFile; fileRef = 5DA0086D25274ADD005A86D5 /* LaunchScreen.storyboard */; };
		5DABF74425246D8700BF9EF6 /* AppDelegate.swift in Sources */ = {isa = PBXBuildFile; fileRef = 5DABF74325246D8700BF9EF6 /* AppDelegate.swift */; };
		5DABF74625246D8700BF9EF6 /* SceneDelegate.swift in Sources */ = {isa = PBXBuildFile; fileRef = 5DABF74525246D8700BF9EF6 /* SceneDelegate.swift */; };
		5DABF74825246D8700BF9EF6 /* ViewController.swift in Sources */ = {isa = PBXBuildFile; fileRef = 5DABF74725246D8700BF9EF6 /* ViewController.swift */; };
		5DABF74D25246D8F00BF9EF6 /* Assets.xcassets in Resources */ = {isa = PBXBuildFile; fileRef = 5DABF74C25246D8F00BF9EF6 /* Assets.xcassets */; };
		5DABF75B25246D9000BF9EF6 /* ClosetAppTests.swift in Sources */ = {isa = PBXBuildFile; fileRef = 5DABF75A25246D9000BF9EF6 /* ClosetAppTests.swift */; };
		5DABF76625246D9000BF9EF6 /* ClosetAppUITests.swift in Sources */ = {isa = PBXBuildFile; fileRef = 5DABF76525246D9000BF9EF6 /* ClosetAppUITests.swift */; };
		5DABF7772526221100BF9EF6 /* AddViewController.swift in Sources */ = {isa = PBXBuildFile; fileRef = 5DABF7762526221100BF9EF6 /* AddViewController.swift */; };
		5DEF76C62528650C0088EBF5 /* ItemsViewController.swift in Sources */ = {isa = PBXBuildFile; fileRef = 5DEF76C52528650C0088EBF5 /* ItemsViewController.swift */; };
		C48810D66CEEA3ABD3DC9956 /* Pods_ClosetApp_ClosetAppUITests.framework in Frameworks */ = {isa = PBXBuildFile; fileRef = 78161AEC6B741D1738249BBC /* Pods_ClosetApp_ClosetAppUITests.framework */; };
		F4D6A1059A016114F41332AD /* Pods_ClosetAppTests.framework in Frameworks */ = {isa = PBXBuildFile; fileRef = 9ECADBD6CFEA25E9AC2365B2 /* Pods_ClosetAppTests.framework */; };
/* End PBXBuildFile section */

/* Begin PBXContainerItemProxy section */
		5DABF75725246D9000BF9EF6 /* PBXContainerItemProxy */ = {
			isa = PBXContainerItemProxy;
			containerPortal = 5DABF73825246D8700BF9EF6 /* Project object */;
			proxyType = 1;
			remoteGlobalIDString = 5DABF73F25246D8700BF9EF6;
			remoteInfo = ClosetApp;
		};
		5DABF76225246D9000BF9EF6 /* PBXContainerItemProxy */ = {
			isa = PBXContainerItemProxy;
			containerPortal = 5DABF73825246D8700BF9EF6 /* Project object */;
			proxyType = 1;
			remoteGlobalIDString = 5DABF73F25246D8700BF9EF6;
			remoteInfo = ClosetApp;
		};
/* End PBXContainerItemProxy section */

/* Begin PBXFileReference section */
		0A5DAA46014CE2AFBCF95477 /* Pods-ClosetApp.release.xcconfig */ = {isa = PBXFileReference; includeInIndex = 1; lastKnownFileType = text.xcconfig; name = "Pods-ClosetApp.release.xcconfig"; path = "Target Support Files/Pods-ClosetApp/Pods-ClosetApp.release.xcconfig"; sourceTree = "<group>"; };
		1454D2F1A4B0658E17A779B8 /* Pods-ClosetApp.debug.xcconfig */ = {isa = PBXFileReference; includeInIndex = 1; lastKnownFileType = text.xcconfig; name = "Pods-ClosetApp.debug.xcconfig"; path = "Target Support Files/Pods-ClosetApp/Pods-ClosetApp.debug.xcconfig"; sourceTree = "<group>"; };
		3098C570502B18CCE07E5EDF /* Pods-ClosetApp-ClosetAppUITests.debug.xcconfig */ = {isa = PBXFileReference; includeInIndex = 1; lastKnownFileType = text.xcconfig; name = "Pods-ClosetApp-ClosetAppUITests.debug.xcconfig"; path = "Target Support Files/Pods-ClosetApp-ClosetAppUITests/Pods-ClosetApp-ClosetAppUITests.debug.xcconfig"; sourceTree = "<group>"; };
		363AD40A1D8E3D021D0D59E8 /* Pods-ClosetApp-ClosetAppUITests.release.xcconfig */ = {isa = PBXFileReference; includeInIndex = 1; lastKnownFileType = text.xcconfig; name = "Pods-ClosetApp-ClosetAppUITests.release.xcconfig"; path = "Target Support Files/Pods-ClosetApp-ClosetAppUITests/Pods-ClosetApp-ClosetAppUITests.release.xcconfig"; sourceTree = "<group>"; };
		395439F1F9AA267AB406CEA1 /* Pods-ClosetAppTests.release.xcconfig */ = {isa = PBXFileReference; includeInIndex = 1; lastKnownFileType = text.xcconfig; name = "Pods-ClosetAppTests.release.xcconfig"; path = "Target Support Files/Pods-ClosetAppTests/Pods-ClosetAppTests.release.xcconfig"; sourceTree = "<group>"; };
		5D5029F3252790220079D13D /* SaveItemViewController.swift */ = {isa = PBXFileReference; lastKnownFileType = sourcecode.swift; path = SaveItemViewController.swift; sourceTree = "<group>"; };
		5D5029FE2527A5550079D13D /* item.swift */ = {isa = PBXFileReference; lastKnownFileType = sourcecode.swift; path = item.swift; sourceTree = "<group>"; };
		5DA008412526EFD1005A86D5 /* Main.storyboard */ = {isa = PBXFileReference; fileEncoding = 4; lastKnownFileType = file.storyboard; name = Main.storyboard; path = ../../../../.Trash/Main.storyboard; sourceTree = "<group>"; };
		5DA0086D25274ADD005A86D5 /* LaunchScreen.storyboard */ = {isa = PBXFileReference; fileEncoding = 4; lastKnownFileType = file.storyboard; path = LaunchScreen.storyboard; sourceTree = "<group>"; };
		5DABF74025246D8700BF9EF6 /* ClosetApp.app */ = {isa = PBXFileReference; explicitFileType = wrapper.application; includeInIndex = 0; path = ClosetApp.app; sourceTree = BUILT_PRODUCTS_DIR; };
		5DABF74325246D8700BF9EF6 /* AppDelegate.swift */ = {isa = PBXFileReference; lastKnownFileType = sourcecode.swift; path = AppDelegate.swift; sourceTree = "<group>"; };
		5DABF74525246D8700BF9EF6 /* SceneDelegate.swift */ = {isa = PBXFileReference; lastKnownFileType = sourcecode.swift; path = SceneDelegate.swift; sourceTree = "<group>"; };
		5DABF74725246D8700BF9EF6 /* ViewController.swift */ = {isa = PBXFileReference; lastKnownFileType = sourcecode.swift; path = ViewController.swift; sourceTree = "<group>"; };
		5DABF74C25246D8F00BF9EF6 /* Assets.xcassets */ = {isa = PBXFileReference; lastKnownFileType = folder.assetcatalog; path = Assets.xcassets; sourceTree = "<group>"; };
		5DABF75125246D8F00BF9EF6 /* Info.plist */ = {isa = PBXFileReference; lastKnownFileType = text.plist.xml; path = Info.plist; sourceTree = "<group>"; };
		5DABF75625246D9000BF9EF6 /* ClosetAppTests.xctest */ = {isa = PBXFileReference; explicitFileType = wrapper.cfbundle; includeInIndex = 0; path = ClosetAppTests.xctest; sourceTree = BUILT_PRODUCTS_DIR; };
		5DABF75A25246D9000BF9EF6 /* ClosetAppTests.swift */ = {isa = PBXFileReference; lastKnownFileType = sourcecode.swift; path = ClosetAppTests.swift; sourceTree = "<group>"; };
		5DABF75C25246D9000BF9EF6 /* Info.plist */ = {isa = PBXFileReference; lastKnownFileType = text.plist.xml; path = Info.plist; sourceTree = "<group>"; };
		5DABF76125246D9000BF9EF6 /* ClosetAppUITests.xctest */ = {isa = PBXFileReference; explicitFileType = wrapper.cfbundle; includeInIndex = 0; path = ClosetAppUITests.xctest; sourceTree = BUILT_PRODUCTS_DIR; };
		5DABF76525246D9000BF9EF6 /* ClosetAppUITests.swift */ = {isa = PBXFileReference; lastKnownFileType = sourcecode.swift; path = ClosetAppUITests.swift; sourceTree = "<group>"; };
		5DABF76725246D9000BF9EF6 /* Info.plist */ = {isa = PBXFileReference; lastKnownFileType = text.plist.xml; path = Info.plist; sourceTree = "<group>"; };
		5DABF7762526221100BF9EF6 /* AddViewController.swift */ = {isa = PBXFileReference; lastKnownFileType = sourcecode.swift; path = AddViewController.swift; sourceTree = "<group>"; };
		5DEF76C52528650C0088EBF5 /* ItemsViewController.swift */ = {isa = PBXFileReference; lastKnownFileType = sourcecode.swift; path = ItemsViewController.swift; sourceTree = "<group>"; };
		5F76288B98D4D1552AE2225F /* Pods_ClosetApp.framework */ = {isa = PBXFileReference; explicitFileType = wrapper.framework; includeInIndex = 0; path = Pods_ClosetApp.framework; sourceTree = BUILT_PRODUCTS_DIR; };
		6877B61384627C00C10564BE /* Pods-ClosetAppTests.debug.xcconfig */ = {isa = PBXFileReference; includeInIndex = 1; lastKnownFileType = text.xcconfig; name = "Pods-ClosetAppTests.debug.xcconfig"; path = "Target Support Files/Pods-ClosetAppTests/Pods-ClosetAppTests.debug.xcconfig"; sourceTree = "<group>"; };
		78161AEC6B741D1738249BBC /* Pods_ClosetApp_ClosetAppUITests.framework */ = {isa = PBXFileReference; explicitFileType = wrapper.framework; includeInIndex = 0; path = Pods_ClosetApp_ClosetAppUITests.framework; sourceTree = BUILT_PRODUCTS_DIR; };
		9ECADBD6CFEA25E9AC2365B2 /* Pods_ClosetAppTests.framework */ = {isa = PBXFileReference; explicitFileType = wrapper.framework; includeInIndex = 0; path = Pods_ClosetAppTests.framework; sourceTree = BUILT_PRODUCTS_DIR; };
/* End PBXFileReference section */

/* Begin PBXFrameworksBuildPhase section */
		5DABF73D25246D8700BF9EF6 /* Frameworks */ = {
			isa = PBXFrameworksBuildPhase;
			buildActionMask = 2147483647;
			files = (
				0BF6F56FA076AD3D8EADB2BB /* Pods_ClosetApp.framework in Frameworks */,
			);
			runOnlyForDeploymentPostprocessing = 0;
		};
		5DABF75325246D9000BF9EF6 /* Frameworks */ = {
			isa = PBXFrameworksBuildPhase;
			buildActionMask = 2147483647;
			files = (
				F4D6A1059A016114F41332AD /* Pods_ClosetAppTests.framework in Frameworks */,
			);
			runOnlyForDeploymentPostprocessing = 0;
		};
		5DABF75E25246D9000BF9EF6 /* Frameworks */ = {
			isa = PBXFrameworksBuildPhase;
			buildActionMask = 2147483647;
			files = (
				C48810D66CEEA3ABD3DC9956 /* Pods_ClosetApp_ClosetAppUITests.framework in Frameworks */,
			);
			runOnlyForDeploymentPostprocessing = 0;
		};
/* End PBXFrameworksBuildPhase section */

/* Begin PBXGroup section */
		1E1D2864286507432B05C684 /* Frameworks */ = {
			isa = PBXGroup;
			children = (
				5F76288B98D4D1552AE2225F /* Pods_ClosetApp.framework */,
				78161AEC6B741D1738249BBC /* Pods_ClosetApp_ClosetAppUITests.framework */,
				9ECADBD6CFEA25E9AC2365B2 /* Pods_ClosetAppTests.framework */,
			);
			name = Frameworks;
			sourceTree = "<group>";
		};
		3BAF982135C5435CBCC54F2C /* Pods */ = {
			isa = PBXGroup;
			children = (
				1454D2F1A4B0658E17A779B8 /* Pods-ClosetApp.debug.xcconfig */,
				0A5DAA46014CE2AFBCF95477 /* Pods-ClosetApp.release.xcconfig */,
				3098C570502B18CCE07E5EDF /* Pods-ClosetApp-ClosetAppUITests.debug.xcconfig */,
				363AD40A1D8E3D021D0D59E8 /* Pods-ClosetApp-ClosetAppUITests.release.xcconfig */,
				6877B61384627C00C10564BE /* Pods-ClosetAppTests.debug.xcconfig */,
				395439F1F9AA267AB406CEA1 /* Pods-ClosetAppTests.release.xcconfig */,
			);
			path = Pods;
			sourceTree = "<group>";
		};
		5DABF73725246D8700BF9EF6 = {
			isa = PBXGroup;
			children = (
				5DABF74225246D8700BF9EF6 /* ClosetApp */,
				5DABF75925246D9000BF9EF6 /* ClosetAppTests */,
				5DABF76425246D9000BF9EF6 /* ClosetAppUITests */,
				5DABF74125246D8700BF9EF6 /* Products */,
				3BAF982135C5435CBCC54F2C /* Pods */,
				1E1D2864286507432B05C684 /* Frameworks */,
			);
			sourceTree = "<group>";
		};
		5DABF74125246D8700BF9EF6 /* Products */ = {
			isa = PBXGroup;
			children = (
				5DABF74025246D8700BF9EF6 /* ClosetApp.app */,
				5DABF75625246D9000BF9EF6 /* ClosetAppTests.xctest */,
				5DABF76125246D9000BF9EF6 /* ClosetAppUITests.xctest */,
			);
			name = Products;
			sourceTree = "<group>";
		};
		5DABF74225246D8700BF9EF6 /* ClosetApp */ = {
			isa = PBXGroup;
			children = (
				5DA008412526EFD1005A86D5 /* Main.storyboard */,
				5DA0086D25274ADD005A86D5 /* LaunchScreen.storyboard */,
				5DABF74325246D8700BF9EF6 /* AppDelegate.swift */,
				5DABF74525246D8700BF9EF6 /* SceneDelegate.swift */,
				5DABF74725246D8700BF9EF6 /* ViewController.swift */,
				5DABF74C25246D8F00BF9EF6 /* Assets.xcassets */,
				5DABF75125246D8F00BF9EF6 /* Info.plist */,
				5DABF7762526221100BF9EF6 /* AddViewController.swift */,
				5D5029F3252790220079D13D /* SaveItemViewController.swift */,
				5D5029FE2527A5550079D13D /* item.swift */,
				5DEF76C52528650C0088EBF5 /* ItemsViewController.swift */,
			);
			path = ClosetApp;
			sourceTree = "<group>";
		};
		5DABF75925246D9000BF9EF6 /* ClosetAppTests */ = {
			isa = PBXGroup;
			children = (
				5DABF75A25246D9000BF9EF6 /* ClosetAppTests.swift */,
				5DABF75C25246D9000BF9EF6 /* Info.plist */,
			);
			path = ClosetAppTests;
			sourceTree = "<group>";
		};
		5DABF76425246D9000BF9EF6 /* ClosetAppUITests */ = {
			isa = PBXGroup;
			children = (
				5DABF76525246D9000BF9EF6 /* ClosetAppUITests.swift */,
				5DABF76725246D9000BF9EF6 /* Info.plist */,
			);
			path = ClosetAppUITests;
			sourceTree = "<group>";
		};
/* End PBXGroup section */

/* Begin PBXNativeTarget section */
		5DABF73F25246D8700BF9EF6 /* ClosetApp */ = {
			isa = PBXNativeTarget;
			buildConfigurationList = 5DABF76A25246D9000BF9EF6 /* Build configuration list for PBXNativeTarget "ClosetApp" */;
			buildPhases = (
				65F27E5B42D2C0D1BC306250 /* [CP] Check Pods Manifest.lock */,
				5DABF73C25246D8700BF9EF6 /* Sources */,
				5DABF73D25246D8700BF9EF6 /* Frameworks */,
				5DABF73E25246D8700BF9EF6 /* Resources */,
				52CB4E2A6F262D80583A00B9 /* [CP] Embed Pods Frameworks */,
			);
			buildRules = (
			);
			dependencies = (
			);
			name = ClosetApp;
			productName = ClosetApp;
			productReference = 5DABF74025246D8700BF9EF6 /* ClosetApp.app */;
			productType = "com.apple.product-type.application";
		};
		5DABF75525246D9000BF9EF6 /* ClosetAppTests */ = {
			isa = PBXNativeTarget;
			buildConfigurationList = 5DABF76D25246D9000BF9EF6 /* Build configuration list for PBXNativeTarget "ClosetAppTests" */;
			buildPhases = (
				7294113766D5252AD9AD1464 /* [CP] Check Pods Manifest.lock */,
				5DABF75225246D9000BF9EF6 /* Sources */,
				5DABF75325246D9000BF9EF6 /* Frameworks */,
				5DABF75425246D9000BF9EF6 /* Resources */,
			);
			buildRules = (
			);
			dependencies = (
				5DABF75825246D9000BF9EF6 /* PBXTargetDependency */,
			);
			name = ClosetAppTests;
			productName = ClosetAppTests;
			productReference = 5DABF75625246D9000BF9EF6 /* ClosetAppTests.xctest */;
			productType = "com.apple.product-type.bundle.unit-test";
		};
		5DABF76025246D9000BF9EF6 /* ClosetAppUITests */ = {
			isa = PBXNativeTarget;
			buildConfigurationList = 5DABF77025246D9000BF9EF6 /* Build configuration list for PBXNativeTarget "ClosetAppUITests" */;
			buildPhases = (
				752FBCDAB4CEC04617039C51 /* [CP] Check Pods Manifest.lock */,
				5DABF75D25246D9000BF9EF6 /* Sources */,
				5DABF75E25246D9000BF9EF6 /* Frameworks */,
				5DABF75F25246D9000BF9EF6 /* Resources */,
				9917CB1D9D31E323E6197199 /* [CP] Embed Pods Frameworks */,
			);
			buildRules = (
			);
			dependencies = (
				5DABF76325246D9000BF9EF6 /* PBXTargetDependency */,
			);
			name = ClosetAppUITests;
			productName = ClosetAppUITests;
			productReference = 5DABF76125246D9000BF9EF6 /* ClosetAppUITests.xctest */;
			productType = "com.apple.product-type.bundle.ui-testing";
		};
/* End PBXNativeTarget section */

/* Begin PBXProject section */
		5DABF73825246D8700BF9EF6 /* Project object */ = {
			isa = PBXProject;
			attributes = {
				LastSwiftUpdateCheck = 1200;
				LastUpgradeCheck = 1200;
				TargetAttributes = {
					5DABF73F25246D8700BF9EF6 = {
						CreatedOnToolsVersion = 12.0;
					};
					5DABF75525246D9000BF9EF6 = {
						CreatedOnToolsVersion = 12.0;
						TestTargetID = 5DABF73F25246D8700BF9EF6;
					};
					5DABF76025246D9000BF9EF6 = {
						CreatedOnToolsVersion = 12.0;
						TestTargetID = 5DABF73F25246D8700BF9EF6;
					};
				};
			};
			buildConfigurationList = 5DABF73B25246D8700BF9EF6 /* Build configuration list for PBXProject "ClosetApp" */;
			compatibilityVersion = "Xcode 9.3";
			developmentRegion = en;
			hasScannedForEncodings = 0;
			knownRegions = (
				en,
				Base,
			);
			mainGroup = 5DABF73725246D8700BF9EF6;
			productRefGroup = 5DABF74125246D8700BF9EF6 /* Products */;
			projectDirPath = "";
			projectRoot = "";
			targets = (
				5DABF73F25246D8700BF9EF6 /* ClosetApp */,
				5DABF75525246D9000BF9EF6 /* ClosetAppTests */,
				5DABF76025246D9000BF9EF6 /* ClosetAppUITests */,
			);
		};
/* End PBXProject section */

/* Begin PBXResourcesBuildPhase section */
		5DABF73E25246D8700BF9EF6 /* Resources */ = {
			isa = PBXResourcesBuildPhase;
			buildActionMask = 2147483647;
			files = (
				5DA0087625274ADD005A86D5 /* LaunchScreen.storyboard in Resources */,
				5DABF74D25246D8F00BF9EF6 /* Assets.xcassets in Resources */,
				5DA008422526EFD2005A86D5 /* Main.storyboard in Resources */,
			);
			runOnlyForDeploymentPostprocessing = 0;
		};
		5DABF75425246D9000BF9EF6 /* Resources */ = {
			isa = PBXResourcesBuildPhase;
			buildActionMask = 2147483647;
			files = (
			);
			runOnlyForDeploymentPostprocessing = 0;
		};
		5DABF75F25246D9000BF9EF6 /* Resources */ = {
			isa = PBXResourcesBuildPhase;
			buildActionMask = 2147483647;
			files = (
			);
			runOnlyForDeploymentPostprocessing = 0;
		};
/* End PBXResourcesBuildPhase section */

/* Begin PBXShellScriptBuildPhase section */
		52CB4E2A6F262D80583A00B9 /* [CP] Embed Pods Frameworks */ = {
			isa = PBXShellScriptBuildPhase;
			buildActionMask = 2147483647;
			files = (
			);
			inputFileListPaths = (
				"${PODS_ROOT}/Target Support Files/Pods-ClosetApp/Pods-ClosetApp-frameworks-${CONFIGURATION}-input-files.xcfilelist",
			);
			name = "[CP] Embed Pods Frameworks";
			outputFileListPaths = (
				"${PODS_ROOT}/Target Support Files/Pods-ClosetApp/Pods-ClosetApp-frameworks-${CONFIGURATION}-output-files.xcfilelist",
			);
			runOnlyForDeploymentPostprocessing = 0;
			shellPath = /bin/sh;
			shellScript = "\"${PODS_ROOT}/Target Support Files/Pods-ClosetApp/Pods-ClosetApp-frameworks.sh\"\n";
			showEnvVarsInLog = 0;
		};
		65F27E5B42D2C0D1BC306250 /* [CP] Check Pods Manifest.lock */ = {
			isa = PBXShellScriptBuildPhase;
			buildActionMask = 2147483647;
			files = (
			);
			inputFileListPaths = (
			);
			inputPaths = (
				"${PODS_PODFILE_DIR_PATH}/Podfile.lock",
				"${PODS_ROOT}/Manifest.lock",
			);
			name = "[CP] Check Pods Manifest.lock";
			outputFileListPaths = (
			);
			outputPaths = (
				"$(DERIVED_FILE_DIR)/Pods-ClosetApp-checkManifestLockResult.txt",
			);
			runOnlyForDeploymentPostprocessing = 0;
			shellPath = /bin/sh;
			shellScript = "diff \"${PODS_PODFILE_DIR_PATH}/Podfile.lock\" \"${PODS_ROOT}/Manifest.lock\" > /dev/null\nif [ $? != 0 ] ; then\n    # print error to STDERR\n    echo \"error: The sandbox is not in sync with the Podfile.lock. Run 'pod install' or update your CocoaPods installation.\" >&2\n    exit 1\nfi\n# This output is used by Xcode 'outputs' to avoid re-running this script phase.\necho \"SUCCESS\" > \"${SCRIPT_OUTPUT_FILE_0}\"\n";
			showEnvVarsInLog = 0;
		};
		7294113766D5252AD9AD1464 /* [CP] Check Pods Manifest.lock */ = {
			isa = PBXShellScriptBuildPhase;
			buildActionMask = 2147483647;
			files = (
			);
			inputFileListPaths = (
			);
			inputPaths = (
				"${PODS_PODFILE_DIR_PATH}/Podfile.lock",
				"${PODS_ROOT}/Manifest.lock",
			);
			name = "[CP] Check Pods Manifest.lock";
			outputFileListPaths = (
			);
			outputPaths = (
				"$(DERIVED_FILE_DIR)/Pods-ClosetAppTests-checkManifestLockResult.txt",
			);
			runOnlyForDeploymentPostprocessing = 0;
			shellPath = /bin/sh;
			shellScript = "diff \"${PODS_PODFILE_DIR_PATH}/Podfile.lock\" \"${PODS_ROOT}/Manifest.lock\" > /dev/null\nif [ $? != 0 ] ; then\n    # print error to STDERR\n    echo \"error: The sandbox is not in sync with the Podfile.lock. Run 'pod install' or update your CocoaPods installation.\" >&2\n    exit 1\nfi\n# This output is used by Xcode 'outputs' to avoid re-running this script phase.\necho \"SUCCESS\" > \"${SCRIPT_OUTPUT_FILE_0}\"\n";
			showEnvVarsInLog = 0;
		};
		752FBCDAB4CEC04617039C51 /* [CP] Check Pods Manifest.lock */ = {
			isa = PBXShellScriptBuildPhase;
			buildActionMask = 2147483647;
			files = (
			);
			inputFileListPaths = (
			);
			inputPaths = (
				"${PODS_PODFILE_DIR_PATH}/Podfile.lock",
				"${PODS_ROOT}/Manifest.lock",
			);
			name = "[CP] Check Pods Manifest.lock";
			outputFileListPaths = (
			);
			outputPaths = (
				"$(DERIVED_FILE_DIR)/Pods-ClosetApp-ClosetAppUITests-checkManifestLockResult.txt",
			);
			runOnlyForDeploymentPostprocessing = 0;
			shellPath = /bin/sh;
			shellScript = "diff \"${PODS_PODFILE_DIR_PATH}/Podfile.lock\" \"${PODS_ROOT}/Manifest.lock\" > /dev/null\nif [ $? != 0 ] ; then\n    # print error to STDERR\n    echo \"error: The sandbox is not in sync with the Podfile.lock. Run 'pod install' or update your CocoaPods installation.\" >&2\n    exit 1\nfi\n# This output is used by Xcode 'outputs' to avoid re-running this script phase.\necho \"SUCCESS\" > \"${SCRIPT_OUTPUT_FILE_0}\"\n";
			showEnvVarsInLog = 0;
		};
		9917CB1D9D31E323E6197199 /* [CP] Embed Pods Frameworks */ = {
			isa = PBXShellScriptBuildPhase;
			buildActionMask = 2147483647;
			files = (
			);
			inputFileListPaths = (
				"${PODS_ROOT}/Target Support Files/Pods-ClosetApp-ClosetAppUITests/Pods-ClosetApp-ClosetAppUITests-frameworks-${CONFIGURATION}-input-files.xcfilelist",
			);
			name = "[CP] Embed Pods Frameworks";
			outputFileListPaths = (
				"${PODS_ROOT}/Target Support Files/Pods-ClosetApp-ClosetAppUITests/Pods-ClosetApp-ClosetAppUITests-frameworks-${CONFIGURATION}-output-files.xcfilelist",
			);
			runOnlyForDeploymentPostprocessing = 0;
			shellPath = /bin/sh;
			shellScript = "\"${PODS_ROOT}/Target Support Files/Pods-ClosetApp-ClosetAppUITests/Pods-ClosetApp-ClosetAppUITests-frameworks.sh\"\n";
			showEnvVarsInLog = 0;
		};
/* End PBXShellScriptBuildPhase section */

/* Begin PBXSourcesBuildPhase section */
		5DABF73C25246D8700BF9EF6 /* Sources */ = {
			isa = PBXSourcesBuildPhase;
			buildActionMask = 2147483647;
			files = (
				5DABF74825246D8700BF9EF6 /* ViewController.swift in Sources */,
				5DABF74425246D8700BF9EF6 /* AppDelegate.swift in Sources */,
				5D5029F4252790220079D13D /* SaveItemViewController.swift in Sources */,
				5DABF7772526221100BF9EF6 /* AddViewController.swift in Sources */,
				5DEF76C62528650C0088EBF5 /* ItemsViewController.swift in Sources */,
				5D5029FF2527A5550079D13D /* item.swift in Sources */,
				5DABF74625246D8700BF9EF6 /* SceneDelegate.swift in Sources */,
			);
			runOnlyForDeploymentPostprocessing = 0;
		};
		5DABF75225246D9000BF9EF6 /* Sources */ = {
			isa = PBXSourcesBuildPhase;
			buildActionMask = 2147483647;
			files = (
				5DABF75B25246D9000BF9EF6 /* ClosetAppTests.swift in Sources */,
			);
			runOnlyForDeploymentPostprocessing = 0;
		};
		5DABF75D25246D9000BF9EF6 /* Sources */ = {
			isa = PBXSourcesBuildPhase;
			buildActionMask = 2147483647;
			files = (
				5DABF76625246D9000BF9EF6 /* ClosetAppUITests.swift in Sources */,
			);
			runOnlyForDeploymentPostprocessing = 0;
		};
/* End PBXSourcesBuildPhase section */

/* Begin PBXTargetDependency section */
		5DABF75825246D9000BF9EF6 /* PBXTargetDependency */ = {
			isa = PBXTargetDependency;
			target = 5DABF73F25246D8700BF9EF6 /* ClosetApp */;
			targetProxy = 5DABF75725246D9000BF9EF6 /* PBXContainerItemProxy */;
		};
		5DABF76325246D9000BF9EF6 /* PBXTargetDependency */ = {
			isa = PBXTargetDependency;
			target = 5DABF73F25246D8700BF9EF6 /* ClosetApp */;
			targetProxy = 5DABF76225246D9000BF9EF6 /* PBXContainerItemProxy */;
		};
/* End PBXTargetDependency section */

/* Begin XCBuildConfiguration section */
		5DABF76825246D9000BF9EF6 /* Debug */ = {
			isa = XCBuildConfiguration;
			buildSettings = {
				ALWAYS_SEARCH_USER_PATHS = NO;
				CLANG_ANALYZER_NONNULL = YES;
				CLANG_ANALYZER_NUMBER_OBJECT_CONVERSION = YES_AGGRESSIVE;
				CLANG_CXX_LANGUAGE_STANDARD = "gnu++14";
				CLANG_CXX_LIBRARY = "libc++";
				CLANG_ENABLE_MODULES = YES;
				CLANG_ENABLE_OBJC_ARC = YES;
				CLANG_ENABLE_OBJC_WEAK = YES;
				CLANG_WARN_BLOCK_CAPTURE_AUTORELEASING = YES;
				CLANG_WARN_BOOL_CONVERSION = YES;
				CLANG_WARN_COMMA = YES;
				CLANG_WARN_CONSTANT_CONVERSION = YES;
				CLANG_WARN_DEPRECATED_OBJC_IMPLEMENTATIONS = YES;
				CLANG_WARN_DIRECT_OBJC_ISA_USAGE = YES_ERROR;
				CLANG_WARN_DOCUMENTATION_COMMENTS = YES;
				CLANG_WARN_EMPTY_BODY = YES;
				CLANG_WARN_ENUM_CONVERSION = YES;
				CLANG_WARN_INFINITE_RECURSION = YES;
				CLANG_WARN_INT_CONVERSION = YES;
				CLANG_WARN_NON_LITERAL_NULL_CONVERSION = YES;
				CLANG_WARN_OBJC_IMPLICIT_RETAIN_SELF = YES;
				CLANG_WARN_OBJC_LITERAL_CONVERSION = YES;
				CLANG_WARN_OBJC_ROOT_CLASS = YES_ERROR;
				CLANG_WARN_QUOTED_INCLUDE_IN_FRAMEWORK_HEADER = YES;
				CLANG_WARN_RANGE_LOOP_ANALYSIS = YES;
				CLANG_WARN_STRICT_PROTOTYPES = YES;
				CLANG_WARN_SUSPICIOUS_MOVE = YES;
				CLANG_WARN_UNGUARDED_AVAILABILITY = YES_AGGRESSIVE;
				CLANG_WARN_UNREACHABLE_CODE = YES;
				CLANG_WARN__DUPLICATE_METHOD_MATCH = YES;
				COPY_PHASE_STRIP = NO;
				DEBUG_INFORMATION_FORMAT = dwarf;
				ENABLE_STRICT_OBJC_MSGSEND = YES;
				ENABLE_TESTABILITY = YES;
				GCC_C_LANGUAGE_STANDARD = gnu11;
				GCC_DYNAMIC_NO_PIC = NO;
				GCC_NO_COMMON_BLOCKS = YES;
				GCC_OPTIMIZATION_LEVEL = 0;
				GCC_PREPROCESSOR_DEFINITIONS = (
					"DEBUG=1",
					"$(inherited)",
				);
				GCC_WARN_64_TO_32_BIT_CONVERSION = YES;
				GCC_WARN_ABOUT_RETURN_TYPE = YES_ERROR;
				GCC_WARN_UNDECLARED_SELECTOR = YES;
				GCC_WARN_UNINITIALIZED_AUTOS = YES_AGGRESSIVE;
				GCC_WARN_UNUSED_FUNCTION = YES;
				GCC_WARN_UNUSED_VARIABLE = YES;
				IPHONEOS_DEPLOYMENT_TARGET = 14.0;
				MTL_ENABLE_DEBUG_INFO = INCLUDE_SOURCE;
				MTL_FAST_MATH = YES;
				ONLY_ACTIVE_ARCH = YES;
				SDKROOT = iphoneos;
				SWIFT_ACTIVE_COMPILATION_CONDITIONS = DEBUG;
				SWIFT_OPTIMIZATION_LEVEL = "-Onone";
			};
			name = Debug;
		};
		5DABF76925246D9000BF9EF6 /* Release */ = {
			isa = XCBuildConfiguration;
			buildSettings = {
				ALWAYS_SEARCH_USER_PATHS = NO;
				CLANG_ANALYZER_NONNULL = YES;
				CLANG_ANALYZER_NUMBER_OBJECT_CONVERSION = YES_AGGRESSIVE;
				CLANG_CXX_LANGUAGE_STANDARD = "gnu++14";
				CLANG_CXX_LIBRARY = "libc++";
				CLANG_ENABLE_MODULES = YES;
				CLANG_ENABLE_OBJC_ARC = YES;
				CLANG_ENABLE_OBJC_WEAK = YES;
				CLANG_WARN_BLOCK_CAPTURE_AUTORELEASING = YES;
				CLANG_WARN_BOOL_CONVERSION = YES;
				CLANG_WARN_COMMA = YES;
				CLANG_WARN_CONSTANT_CONVERSION = YES;
				CLANG_WARN_DEPRECATED_OBJC_IMPLEMENTATIONS = YES;
				CLANG_WARN_DIRECT_OBJC_ISA_USAGE = YES_ERROR;
				CLANG_WARN_DOCUMENTATION_COMMENTS = YES;
				CLANG_WARN_EMPTY_BODY = YES;
				CLANG_WARN_ENUM_CONVERSION = YES;
				CLANG_WARN_INFINITE_RECURSION = YES;
				CLANG_WARN_INT_CONVERSION = YES;
				CLANG_WARN_NON_LITERAL_NULL_CONVERSION = YES;
				CLANG_WARN_OBJC_IMPLICIT_RETAIN_SELF = YES;
				CLANG_WARN_OBJC_LITERAL_CONVERSION = YES;
				CLANG_WARN_OBJC_ROOT_CLASS = YES_ERROR;
				CLANG_WARN_QUOTED_INCLUDE_IN_FRAMEWORK_HEADER = YES;
				CLANG_WARN_RANGE_LOOP_ANALYSIS = YES;
				CLANG_WARN_STRICT_PROTOTYPES = YES;
				CLANG_WARN_SUSPICIOUS_MOVE = YES;
				CLANG_WARN_UNGUARDED_AVAILABILITY = YES_AGGRESSIVE;
				CLANG_WARN_UNREACHABLE_CODE = YES;
				CLANG_WARN__DUPLICATE_METHOD_MATCH = YES;
				COPY_PHASE_STRIP = NO;
				DEBUG_INFORMATION_FORMAT = "dwarf-with-dsym";
				ENABLE_NS_ASSERTIONS = NO;
				ENABLE_STRICT_OBJC_MSGSEND = YES;
				GCC_C_LANGUAGE_STANDARD = gnu11;
				GCC_NO_COMMON_BLOCKS = YES;
				GCC_WARN_64_TO_32_BIT_CONVERSION = YES;
				GCC_WARN_ABOUT_RETURN_TYPE = YES_ERROR;
				GCC_WARN_UNDECLARED_SELECTOR = YES;
				GCC_WARN_UNINITIALIZED_AUTOS = YES_AGGRESSIVE;
				GCC_WARN_UNUSED_FUNCTION = YES;
				GCC_WARN_UNUSED_VARIABLE = YES;
				IPHONEOS_DEPLOYMENT_TARGET = 14.0;
				MTL_ENABLE_DEBUG_INFO = NO;
				MTL_FAST_MATH = YES;
				SDKROOT = iphoneos;
				SWIFT_COMPILATION_MODE = wholemodule;
				SWIFT_OPTIMIZATION_LEVEL = "-O";
				VALIDATE_PRODUCT = YES;
			};
			name = Release;
		};
		5DABF76B25246D9000BF9EF6 /* Debug */ = {
			isa = XCBuildConfiguration;
			baseConfigurationReference = 1454D2F1A4B0658E17A779B8 /* Pods-ClosetApp.debug.xcconfig */;
			buildSettings = {
				ASSETCATALOG_COMPILER_APPICON_NAME = AppIcon;
				ASSETCATALOG_COMPILER_GLOBAL_ACCENT_COLOR_NAME = AccentColor;
				CODE_SIGN_STYLE = Automatic;
				DEVELOPMENT_TEAM = 928A48HV5B;
				INFOPLIST_FILE = ClosetApp/Info.plist;
				LD_RUNPATH_SEARCH_PATHS = (
					"$(inherited)",
					"@executable_path/Frameworks",
				);
				PRODUCT_BUNDLE_IDENTIFIER = app.yamamoto.pochaco.ClosetApp;
				PRODUCT_NAME = "$(TARGET_NAME)";
				SWIFT_VERSION = 5.0;
				TARGETED_DEVICE_FAMILY = "1,2";
			};
			name = Debug;
		};
		5DABF76C25246D9000BF9EF6 /* Release */ = {
			isa = XCBuildConfiguration;
			baseConfigurationReference = 0A5DAA46014CE2AFBCF95477 /* Pods-ClosetApp.release.xcconfig */;
			buildSettings = {
				ASSETCATALOG_COMPILER_APPICON_NAME = AppIcon;
				ASSETCATALOG_COMPILER_GLOBAL_ACCENT_COLOR_NAME = AccentColor;
				CODE_SIGN_STYLE = Automatic;
				DEVELOPMENT_TEAM = 928A48HV5B;
				INFOPLIST_FILE = ClosetApp/Info.plist;
				LD_RUNPATH_SEARCH_PATHS = (
					"$(inherited)",
					"@executable_path/Frameworks",
				);
				PRODUCT_BUNDLE_IDENTIFIER = app.yamamoto.pochaco.ClosetApp;
				PRODUCT_NAME = "$(TARGET_NAME)";
				SWIFT_VERSION = 5.0;
				TARGETED_DEVICE_FAMILY = "1,2";
			};
			name = Release;
		};
		5DABF76E25246D9000BF9EF6 /* Debug */ = {
			isa = XCBuildConfiguration;
			baseConfigurationReference = 6877B61384627C00C10564BE /* Pods-ClosetAppTests.debug.xcconfig */;
			buildSettings = {
				ALWAYS_EMBED_SWIFT_STANDARD_LIBRARIES = YES;
				BUNDLE_LOADER = "$(TEST_HOST)";
				CODE_SIGN_STYLE = Automatic;
				INFOPLIST_FILE = ClosetAppTests/Info.plist;
				IPHONEOS_DEPLOYMENT_TARGET = 14.0;
				LD_RUNPATH_SEARCH_PATHS = (
					"$(inherited)",
					"@executable_path/Frameworks",
					"@loader_path/Frameworks",
				);
				PRODUCT_BUNDLE_IDENTIFIER = app.yamamoto.pochaco.ClosetAppTests;
				PRODUCT_NAME = "$(TARGET_NAME)";
				SWIFT_VERSION = 5.0;
				TARGETED_DEVICE_FAMILY = "1,2";
				TEST_HOST = "$(BUILT_PRODUCTS_DIR)/ClosetApp.app/ClosetApp";
			};
			name = Debug;
		};
		5DABF76F25246D9000BF9EF6 /* Release */ = {
			isa = XCBuildConfiguration;
			baseConfigurationReference = 395439F1F9AA267AB406CEA1 /* Pods-ClosetAppTests.release.xcconfig */;
			buildSettings = {
				ALWAYS_EMBED_SWIFT_STANDARD_LIBRARIES = YES;
				BUNDLE_LOADER = "$(TEST_HOST)";
				CODE_SIGN_STYLE = Automatic;
				INFOPLIST_FILE = ClosetAppTests/Info.plist;
				IPHONEOS_DEPLOYMENT_TARGET = 14.0;
				LD_RUNPATH_SEARCH_PATHS = (
					"$(inherited)",
					"@executable_path/Frameworks",
					"@loader_path/Frameworks",
				);
				PRODUCT_BUNDLE_IDENTIFIER = app.yamamoto.pochaco.ClosetAppTests;
				PRODUCT_NAME = "$(TARGET_NAME)";
				SWIFT_VERSION = 5.0;
				TARGETED_DEVICE_FAMILY = "1,2";
				TEST_HOST = "$(BUILT_PRODUCTS_DIR)/ClosetApp.app/ClosetApp";
			};
			name = Release;
		};
		5DABF77125246D9000BF9EF6 /* Debug */ = {
			isa = XCBuildConfiguration;
			baseConfigurationReference = 3098C570502B18CCE07E5EDF /* Pods-ClosetApp-ClosetAppUITests.debug.xcconfig */;
			buildSettings = {
				ALWAYS_EMBED_SWIFT_STANDARD_LIBRARIES = YES;
				CODE_SIGN_STYLE = Automatic;
				INFOPLIST_FILE = ClosetAppUITests/Info.plist;
				LD_RUNPATH_SEARCH_PATHS = (
					"$(inherited)",
					"@executable_path/Frameworks",
					"@loader_path/Frameworks",
				);
				PRODUCT_BUNDLE_IDENTIFIER = app.yamamoto.pochaco.ClosetAppUITests;
				PRODUCT_NAME = "$(TARGET_NAME)";
				SWIFT_VERSION = 5.0;
				TARGETED_DEVICE_FAMILY = "1,2";
				TEST_TARGET_NAME = ClosetApp;
			};
			name = Debug;
		};
		5DABF77225246D9000BF9EF6 /* Release */ = {
			isa = XCBuildConfiguration;
			baseConfigurationReference = 363AD40A1D8E3D021D0D59E8 /* Pods-ClosetApp-ClosetAppUITests.release.xcconfig */;
			buildSettings = {
				ALWAYS_EMBED_SWIFT_STANDARD_LIBRARIES = YES;
				CODE_SIGN_STYLE = Automatic;
				INFOPLIST_FILE = ClosetAppUITests/Info.plist;
				LD_RUNPATH_SEARCH_PATHS = (
					"$(inherited)",
					"@executable_path/Frameworks",
					"@loader_path/Frameworks",
				);
				PRODUCT_BUNDLE_IDENTIFIER = app.yamamoto.pochaco.ClosetAppUITests;
				PRODUCT_NAME = "$(TARGET_NAME)";
				SWIFT_VERSION = 5.0;
				TARGETED_DEVICE_FAMILY = "1,2";
				TEST_TARGET_NAME = ClosetApp;
			};
			name = Release;
		};
/* End XCBuildConfiguration section */

/* Begin XCConfigurationList section */
		5DABF73B25246D8700BF9EF6 /* Build configuration list for PBXProject "ClosetApp" */ = {
			isa = XCConfigurationList;
			buildConfigurations = (
				5DABF76825246D9000BF9EF6 /* Debug */,
				5DABF76925246D9000BF9EF6 /* Release */,
			);
			defaultConfigurationIsVisible = 0;
			defaultConfigurationName = Release;
		};
		5DABF76A25246D9000BF9EF6 /* Build configuration list for PBXNativeTarget "ClosetApp" */ = {
			isa = XCConfigurationList;
			buildConfigurations = (
				5DABF76B25246D9000BF9EF6 /* Debug */,
				5DABF76C25246D9000BF9EF6 /* Release */,
			);
			defaultConfigurationIsVisible = 0;
			defaultConfigurationName = Release;
		};
		5DABF76D25246D9000BF9EF6 /* Build configuration list for PBXNativeTarget "ClosetAppTests" */ = {
			isa = XCConfigurationList;
			buildConfigurations = (
				5DABF76E25246D9000BF9EF6 /* Debug */,
				5DABF76F25246D9000BF9EF6 /* Release */,
			);
			defaultConfigurationIsVisible = 0;
			defaultConfigurationName = Release;
		};
		5DABF77025246D9000BF9EF6 /* Build configuration list for PBXNativeTarget "ClosetAppUITests" */ = {
			isa = XCConfigurationList;
			buildConfigurations = (
				5DABF77125246D9000BF9EF6 /* Debug */,
				5DABF77225246D9000BF9EF6 /* Release */,
			);
			defaultConfigurationIsVisible = 0;
			defaultConfigurationName = Release;
		};
/* End XCConfigurationList section */
	};
	rootObject = 5DABF73825246D8700BF9EF6 /* Project object */;
}
